
Microsoft Visual Studio Solution File, Format Version 12.00
# Visual Studio Version 16
VisualStudioVersion = 16.0.31702.278
MinimumVisualStudioVersion = 10.0.40219.1
Project("{FAE04EC0-301F-11D3-BF4B-00C04F79EFBC}") = "TestGit", "TestGit\TestGit.csproj", "{DD5E5E00-D0F1-423F-AE27-AAF6DDF822FF}"
EndProject
Global
	GlobalSection(SolutionConfigurationPlatforms) = preSolution
		Debug|Any CPU = Debug|Any CPU
		Release|Any CPU = Release|Any CPU
	EndGlobalSection
	GlobalSection(ProjectConfigurationPlatforms) = postSolution
		{DD5E5E00-D0F1-423F-AE27-AAF6DDF822FF}.Debug|Any CPU.ActiveCfg = Debug|Any CPU
		{DD5E5E00-D0F1-423F-AE27-AAF6DDF822FF}.Debug|Any CPU.Build.0 = Debug|Any CPU
		{DD5E5E00-D0F1-423F-AE27-AAF6DDF822FF}.Release|Any CPU.ActiveCfg = Release|Any CPU
		{DD5E5E00-D0F1-423F-AE27-AAF6DDF822FF}.Release|Any CPU.Build.0 = Release|Any CPU
	EndGlobalSection
	GlobalSection(SolutionProperties) = preSolution
		HideSolutionNode = FALSE
	EndGlobalSection
	GlobalSection(ExtensibilityGlobals) = postSolution
		SolutionGuid = {1DEECA49-80C2-4975-B572-1EB1C0C48A5C}
	EndGlobalSection
EndGlobal
